
Microsoft Visual Studio Solution File, Format Version 12.00
# Visual Studio Version 17
VisualStudioVersion = 17.8.34330.188
MinimumVisualStudioVersion = 10.0.40219.1
Project("{FAE04EC0-301F-11D3-BF4B-00C04F79EFBC}") = "DeviceManagementSystemAPIs", "DeviceManagementSystemAPIs\DeviceManagementSystemAPIs.csproj", "{59BD8E38-CE6E-4682-A42A-01E56A6EE326}"
EndProject
Project("{FAE04EC0-301F-11D3-BF4B-00C04F79EFBC}") = "DeviceManagementSystemTests", "DeviceManagementSystemTests\DeviceManagementSystemTests.csproj", "{04AEC08E-D576-4863-A458-CD7CBA8D8DBB}"
EndProject
Project("{2150E333-8FDC-42A3-9474-1A3956D46DE8}") = "Solution Items", "Solution Items", "{04CF3D02-5655-4F7B-BBF9-865FA88C8960}"
	ProjectSection(SolutionItems) = preProject
		README.md = README.md
	EndProjectSection
EndProject
Global
	GlobalSection(SolutionConfigurationPlatforms) = preSolution
		Debug|Any CPU = Debug|Any CPU
		Release|Any CPU = Release|Any CPU
	EndGlobalSection
	GlobalSection(ProjectConfigurationPlatforms) = postSolution
		{59BD8E38-CE6E-4682-A42A-01E56A6EE326}.Debug|Any CPU.ActiveCfg = Debug|Any CPU
		{59BD8E38-CE6E-4682-A42A-01E56A6EE326}.Debug|Any CPU.Build.0 = Debug|Any CPU
		{59BD8E38-CE6E-4682-A42A-01E56A6EE326}.Release|Any CPU.ActiveCfg = Release|Any CPU
		{59BD8E38-CE6E-4682-A42A-01E56A6EE326}.Release|Any CPU.Build.0 = Release|Any CPU
		{04AEC08E-D576-4863-A458-CD7CBA8D8DBB}.Debug|Any CPU.ActiveCfg = Debug|Any CPU
		{04AEC08E-D576-4863-A458-CD7CBA8D8DBB}.Debug|Any CPU.Build.0 = Debug|Any CPU
		{04AEC08E-D576-4863-A458-CD7CBA8D8DBB}.Release|Any CPU.ActiveCfg = Release|Any CPU
		{04AEC08E-D576-4863-A458-CD7CBA8D8DBB}.Release|Any CPU.Build.0 = Release|Any CPU
	EndGlobalSection
	GlobalSection(SolutionProperties) = preSolution
		HideSolutionNode = FALSE
	EndGlobalSection
	GlobalSection(ExtensibilityGlobals) = postSolution
		SolutionGuid = {F1460C7B-4A48-4B6C-863A-43B53F003FAF}
	EndGlobalSection
EndGlobal
